PODS:
  - Flutter (1.0.0)
  - flutter_boost (0.0.2):
    - Flutter
  - FlutterPluginRegistrant (0.0.1):
    - Flutter
    - flutter_boost

DEPENDENCIES:
  - Flutter (from `../flutter_module/.ios/Flutter/engine`)
  - flutter_boost (from `../flutter_module/.ios/Flutter/.symlinks/flutter_boost/ios`)
  - FlutterPluginRegistrant (from `../flutter_module/.ios/Flutter/FlutterPluginRegistrant`)

EXTERNAL SOURCES:
  Flutter:
    :path: "../flutter_module/.ios/Flutter/engine"
  flutter_boost:
    :path: "../flutter_module/.ios/Flutter/.symlinks/flutter_boost/ios"
  FlutterPluginRegistrant:
    :path: "../flutter_module/.ios/Flutter/FlutterPluginRegistrant"

SPEC CHECKSUMS:
  Flutter: 0e3d915762c693b495b44d77113d4970485de6ec
  flutter_boost: a7cfa776b75329d5e7d101d0cd33e75042bcde69
  FlutterPluginRegistrant: 717df6b322c7d500c17eeff54284c74ed5410c7b

PODFILE CHECKSUM: ac415862607d7a942db55fb6600e79e4248019ea

COCOAPODS: 1.7.5
